
Microsoft Visual Studio Solution File, Format Version 12.00
Project("{F2A71F9B-5D33-465A-A702-920D77279786}") = "MonoidsTypeModelBased", "MonoidsTypeModelBased\MonoidsTypeModelBased.fsproj", "{A725D978-9C31-4FD8-B84C-74FCC3FB3E40}"
EndProject
Global
	GlobalSection(SolutionConfigurationPlatforms) = preSolution
		Debug|Any CPU = Debug|Any CPU
		Release|Any CPU = Release|Any CPU
	EndGlobalSection
	GlobalSection(ProjectConfigurationPlatforms) = postSolution
		{A725D978-9C31-4FD8-B84C-74FCC3FB3E40}.Debug|Any CPU.ActiveCfg = Debug|Any CPU
		{A725D978-9C31-4FD8-B84C-74FCC3FB3E40}.Debug|Any CPU.Build.0 = Debug|Any CPU
		{A725D978-9C31-4FD8-B84C-74FCC3FB3E40}.Release|Any CPU.ActiveCfg = Release|Any CPU
		{A725D978-9C31-4FD8-B84C-74FCC3FB3E40}.Release|Any CPU.Build.0 = Release|Any CPU
	EndGlobalSection
EndGlobal
